PODS:
  - Flutter (1.0.0)
  - integration_test (0.0.1):
    - Flutter
  - yoti_flutter (0.0.7):
    - Flutter
    - YotiSDKDocument
    - YotiSDKFaceCapture
    - YotiSDKFaceTec
    - YotiSDKIdentityDocument
  - YotiNetwork (6.0.0)
  - YotiSDKCore (6.0.0):
    - YotiNetwork (= 6.0.0)
    - YotiSDKDesign (= 6.0.0)
  - YotiSDKDesign (6.0.0)
  - YotiSDKDocument (6.0.0):
    - YotiNetwork (= 6.0.0)
    - YotiSDKDesign (= 6.0.0)
  - YotiSDKFace (6.0.0):
    - YotiNetwork (= 6.0.0)
    - YotiSDKDesign (= 6.0.0)
  - YotiSDKFaceCapture (6.0.0):
    - YotiNetwork (= 6.0.0)
    - YotiSDKCore (= 6.0.0)
    - YotiSDKDesign (= 6.0.0)
    - YotiSDKFace (= 6.0.0)
  - YotiSDKFaceTec (6.0.0):
    - YotiNetwork (= 6.0.0)
    - YotiSDKCore (= 6.0.0)
    - YotiSDKDesign (= 6.0.0)
    - YotiSDKFace (= 6.0.0)
  - YotiSDKIdentityDocument (6.0.0):
    - YotiNetwork (= 6.0.0)
    - YotiSDKCore (= 6.0.0)
    - YotiSDKDesign (= 6.0.0)
    - YotiSDKDocument (= 6.0.0)

DEPENDENCIES:
  - Flutter (from `Flutter`)
  - integration_test (from `.symlinks/plugins/integration_test/ios`)
  - yoti_flutter (from `.symlinks/plugins/yoti_flutter/ios`)

SPEC REPOS:
  trunk:
    - YotiNetwork
    - YotiSDKCore
    - YotiSDKDesign
    - YotiSDKDocument
    - YotiSDKFace
    - YotiSDKFaceCapture
    - YotiSDKFaceTec
    - YotiSDKIdentityDocument

EXTERNAL SOURCES:
  Flutter:
    :path: Flutter
  integration_test:
    :path: ".symlinks/plugins/integration_test/ios"
  yoti_flutter:
    :path: ".symlinks/plugins/yoti_flutter/ios"

SPEC CHECKSUMS:
  Flutter: e0871f40cf51350855a761d2e70bf5af5b9b5de7
  integration_test: 252f60fa39af5e17c3aa9899d35d908a0721b573
  yoti_flutter: 41188720989689c9b8bf1817fc138e75ed0c96c1
  YotiNetwork: c57553353bd433bcec7ac724ac61ca5551a526c3
  YotiSDKCore: 4c61f10190091897e7f1e5ffa1d258d3523ed4a9
  YotiSDKDesign: 656c8c017739e2de25701b481fb3d7ce76dbf755
  YotiSDKDocument: 06c07e51990a6887e9122c5ad325d7e6166c7409
  YotiSDKFace: 84e492d0cbc7c124243328c742e64045b5e10779
  YotiSDKFaceCapture: 9780a88a3e78d3767594a56cc595310e0f837ce4
  YotiSDKFaceTec: 8aa78333f75c9ffd07250d56874e75a4ad98af47
  YotiSDKIdentityDocument: a4afe6a2c10ab075a49085002f83e8476d23de35

PODFILE CHECKSUM: 819463e6a0290f5a72f145ba7cde16e8b6ef0796

COCOAPODS: 1.15.2
